// !$*UTF8*$!
{
	archiveVersion = 1;
	classes = {
	};
	objectVersion = 46;
	objects = {

/* Begin PBXBuildFile section */
		4D8955021D189C6600A1C7DE /* main.cpp in Sources */ = {isa = PBXBuildFile; fileRef = 4D8955011D189C6600A1C7DE /* main.cpp */; };
		4D89550F1D234CE300A1C7DE /* HttpRouting.cpp in Sources */ = {isa = PBXBuildFile; fileRef = 4D89550E1D234CE300A1C7DE /* HttpRouting.cpp */; };
		4D8955121D2354CE00A1C7DE /* HttpPool.cpp in Sources */ = {isa = PBXBuildFile; fileRef = 4D8955101D2354CE00A1C7DE /* HttpPool.cpp */; };
		4D8955151D2362FA00A1C7DE /* HttpContentTypes.cpp in Sources */ = {isa = PBXBuildFile; fileRef = 4D8955131D2362FA00A1C7DE /* HttpContentTypes.cpp */; };
		4D8955191D23874D00A1C7DE /* HttpConnection.cpp in Sources */ = {isa = PBXBuildFile; fileRef = 4D8955171D23874D00A1C7DE /* HttpConnection.cpp */; };
		4D89551B1D25B62100A1C7DE /* HttpRoute.cpp in Sources */ = {isa = PBXBuildFile; fileRef = 4D89551A1D25B62100A1C7DE /* HttpRoute.cpp */; };
/* End PBXBuildFile section */

/* Begin PBXCopyFilesBuildPhase section */
		4D8954FC1D189C6600A1C7DE /* CopyFiles */ = {
			isa = PBXCopyFilesBuildPhase;
			buildActionMask = 2147483647;
			dstPath = /usr/share/man/man1/;
			dstSubfolderSpec = 0;
			files = (
			);
			runOnlyForDeploymentPostprocessing = 1;
		};
/* End PBXCopyFilesBuildPhase section */

/* Begin PBXFileReference section */
		4D8954FE1D189C6600A1C7DE /* shttp */ = {isa = PBXFileReference; explicitFileType = "compiled.mach-o.executable"; includeInIndex = 0; path = shttp; sourceTree = BUILT_PRODUCTS_DIR; };
		4D8955011D189C6600A1C7DE /* main.cpp */ = {isa = PBXFileReference; lastKnownFileType = sourcecode.cpp.cpp; path = main.cpp; sourceTree = "<group>"; };
		4D8955081D22C68000A1C7DE /* HttpConnection.h */ = {isa = PBXFileReference; lastKnownFileType = sourcecode.c.h; path = HttpConnection.h; sourceTree = "<group>"; };
		4D8955091D22D72E00A1C7DE /* HttpRouting.h */ = {isa = PBXFileReference; lastKnownFileType = sourcecode.c.h; path = HttpRouting.h; sourceTree = "<group>"; };
		4D89550A1D22D73F00A1C7DE /* HttpRoute.h */ = {isa = PBXFileReference; lastKnownFileType = sourcecode.c.h; path = HttpRoute.h; sourceTree = "<group>"; };
		4D89550D1D23417100A1C7DE /* HttpPool.h */ = {isa = PBXFileReference; lastKnownFileType = sourcecode.c.h; path = HttpPool.h; sourceTree = "<group>"; };
		4D89550E1D234CE300A1C7DE /* HttpRouting.cpp */ = {isa = PBXFileReference; fileEncoding = 4; lastKnownFileType = sourcecode.cpp.cpp; path = HttpRouting.cpp; sourceTree = "<group>"; };
		4D8955101D2354CE00A1C7DE /* HttpPool.cpp */ = {isa = PBXFileReference; fileEncoding = 4; lastKnownFileType = sourcecode.cpp.cpp; path = HttpPool.cpp; sourceTree = "<group>"; };
		4D8955131D2362FA00A1C7DE /* HttpContentTypes.cpp */ = {isa = PBXFileReference; fileEncoding = 4; lastKnownFileType = sourcecode.cpp.cpp; path = HttpContentTypes.cpp; sourceTree = "<group>"; };
		4D8955141D2362FA00A1C7DE /* HttpContentTypes.h */ = {isa = PBXFileReference; fileEncoding = 4; lastKnownFileType = sourcecode.c.h; path = HttpContentTypes.h; sourceTree = "<group>"; };
		4D8955161D2382F200A1C7DE /* HttpResponses.h */ = {isa = PBXFileReference; lastKnownFileType = sourcecode.c.h; path = HttpResponses.h; sourceTree = "<group>"; };
		4D8955171D23874D00A1C7DE /* HttpConnection.cpp */ = {isa = PBXFileReference; fileEncoding = 4; lastKnownFileType = sourcecode.cpp.cpp; path = HttpConnection.cpp; sourceTree = "<group>"; };
		4D89551A1D25B62100A1C7DE /* HttpRoute.cpp */ = {isa = PBXFileReference; fileEncoding = 4; lastKnownFileType = sourcecode.cpp.cpp; path = HttpRoute.cpp; sourceTree = "<group>"; };
/* End PBXFileReference section */

/* Begin PBXFrameworksBuildPhase section */
		4D8954FB1D189C6600A1C7DE /* Frameworks */ = {
			isa = PBXFrameworksBuildPhase;
			buildActionMask = 2147483647;
			files = (
			);
			runOnlyForDeploymentPostprocessing = 0;
		};
/* End PBXFrameworksBuildPhase section */

/* Begin PBXGroup section */
		4D8954F51D189C6600A1C7DE = {
			isa = PBXGroup;
			children = (
				4D8955001D189C6600A1C7DE /* shttp */,
				4D8954FF1D189C6600A1C7DE /* Products */,
			);
			sourceTree = "<group>";
		};
		4D8954FF1D189C6600A1C7DE /* Products */ = {
			isa = PBXGroup;
			children = (
				4D8954FE1D189C6600A1C7DE /* shttp */,
			);
			name = Products;
			sourceTree = "<group>";
		};
		4D8955001D189C6600A1C7DE /* shttp */ = {
			isa = PBXGroup;
			children = (
				4D8955011D189C6600A1C7DE /* main.cpp */,
				4D8955161D2382F200A1C7DE /* HttpResponses.h */,
				4D8955131D2362FA00A1C7DE /* HttpContentTypes.cpp */,
				4D8955141D2362FA00A1C7DE /* HttpContentTypes.h */,
				4D89550E1D234CE300A1C7DE /* HttpRouting.cpp */,
				4D8955081D22C68000A1C7DE /* HttpConnection.h */,
				4D8955171D23874D00A1C7DE /* HttpConnection.cpp */,
				4D89551A1D25B62100A1C7DE /* HttpRoute.cpp */,
				4D8955091D22D72E00A1C7DE /* HttpRouting.h */,
				4D89550A1D22D73F00A1C7DE /* HttpRoute.h */,
				4D89550D1D23417100A1C7DE /* HttpPool.h */,
				4D8955101D2354CE00A1C7DE /* HttpPool.cpp */,
			);
			path = shttp;
			sourceTree = "<group>";
		};
/* End PBXGroup section */

/* Begin PBXNativeTarget section */
		4D8954FD1D189C6600A1C7DE /* shttp */ = {
			isa = PBXNativeTarget;
			buildConfigurationList = 4D8955051D189C6600A1C7DE /* Build configuration list for PBXNativeTarget "shttp" */;
			buildPhases = (
				4D8954FA1D189C6600A1C7DE /* Sources */,
				4D8954FB1D189C6600A1C7DE /* Frameworks */,
				4D8954FC1D189C6600A1C7DE /* CopyFiles */,
			);
			buildRules = (
			);
			dependencies = (
			);
			name = shttp;
			productName = shttp;
			productReference = 4D8954FE1D189C6600A1C7DE /* shttp */;
			productType = "com.apple.product-type.tool";
		};
/* End PBXNativeTarget section */

/* Begin PBXProject section */
		4D8954F61D189C6600A1C7DE /* Project object */ = {
			isa = PBXProject;
			attributes = {
				LastUpgradeCheck = 0730;
				ORGANIZATIONNAME = "Mark Vicuna";
				TargetAttributes = {
					4D8954FD1D189C6600A1C7DE = {
						CreatedOnToolsVersion = 7.3.1;
					};
				};
			};
			buildConfigurationList = 4D8954F91D189C6600A1C7DE /* Build configuration list for PBXProject "shttp" */;
			compatibilityVersion = "Xcode 3.2";
			developmentRegion = English;
			hasScannedForEncodings = 0;
			knownRegions = (
				en,
			);
			mainGroup = 4D8954F51D189C6600A1C7DE;
			productRefGroup = 4D8954FF1D189C6600A1C7DE /* Products */;
			projectDirPath = "";
			projectRoot = "";
			targets = (
				4D8954FD1D189C6600A1C7DE /* shttp */,
			);
		};
/* End PBXProject section */

/* Begin PBXSourcesBuildPhase section */
		4D8954FA1D189C6600A1C7DE /* Sources */ = {
			isa = PBXSourcesBuildPhase;
			buildActionMask = 2147483647;
			files = (
				4D8955191D23874D00A1C7DE /* HttpConnection.cpp in Sources */,
				4D8955121D2354CE00A1C7DE /* HttpPool.cpp in Sources */,
				4D8955151D2362FA00A1C7DE /* HttpContentTypes.cpp in Sources */,
				4D89550F1D234CE300A1C7DE /* HttpRouting.cpp in Sources */,
				4D8955021D189C6600A1C7DE /* main.cpp in Sources */,
				4D89551B1D25B62100A1C7DE /* HttpRoute.cpp in Sources */,
			);
			runOnlyForDeploymentPostprocessing = 0;
		};
/* End PBXSourcesBuildPhase section */

/* Begin XCBuildConfiguration section */
		4D8955031D189C6600A1C7DE /* Debug */ = {
			isa = XCBuildConfiguration;
			buildSettings = {
				ALWAYS_SEARCH_USER_PATHS = NO;
				CLANG_ANALYZER_NONNULL = YES;
				CLANG_CXX_LANGUAGE_STANDARD = "gnu++0x";
				CLANG_CXX_LIBRARY = "libc++";
				CLANG_ENABLE_MODULES = YES;
				CLANG_ENABLE_OBJC_ARC = YES;
				CLANG_WARN_BOOL_CONVERSION = YES;
				CLANG_WARN_CONSTANT_CONVERSION = YES;
				CLANG_WARN_DIRECT_OBJC_ISA_USAGE = YES_ERROR;
				CLANG_WARN_EMPTY_BODY = YES;
				CLANG_WARN_ENUM_CONVERSION = YES;
				CLANG_WARN_INT_CONVERSION = YES;
				CLANG_WARN_OBJC_ROOT_CLASS = YES_ERROR;
				CLANG_WARN_UNREACHABLE_CODE = YES;
				CLANG_WARN__DUPLICATE_METHOD_MATCH = YES;
				CODE_SIGN_IDENTITY = "-";
				COPY_PHASE_STRIP = NO;
				DEBUG_INFORMATION_FORMAT = dwarf;
				ENABLE_STRICT_OBJC_MSGSEND = YES;
				ENABLE_TESTABILITY = YES;
				GCC_C_LANGUAGE_STANDARD = gnu99;
				GCC_DYNAMIC_NO_PIC = NO;
				GCC_NO_COMMON_BLOCKS = YES;
				GCC_OPTIMIZATION_LEVEL = 0;
				GCC_PREPROCESSOR_DEFINITIONS = (
					"DEBUG=1",
					"$(inherited)",
				);
				GCC_WARN_64_TO_32_BIT_CONVERSION = YES;
				GCC_WARN_ABOUT_RETURN_TYPE = YES_ERROR;
				GCC_WARN_UNDECLARED_SELECTOR = YES;
				GCC_WARN_UNINITIALIZED_AUTOS = YES_AGGRESSIVE;
				GCC_WARN_UNUSED_FUNCTION = YES;
				GCC_WARN_UNUSED_VARIABLE = YES;
				MACOSX_DEPLOYMENT_TARGET = 10.11;
				MTL_ENABLE_DEBUG_INFO = YES;
				ONLY_ACTIVE_ARCH = YES;
				SDKROOT = macosx;
			};
			name = Debug;
		};
		4D8955041D189C6600A1C7DE /* Release */ = {
			isa = XCBuildConfiguration;
			buildSettings = {
				ALWAYS_SEARCH_USER_PATHS = NO;
				CLANG_ANALYZER_NONNULL = YES;
				CLANG_CXX_LANGUAGE_STANDARD = "gnu++0x";
				CLANG_CXX_LIBRARY = "libc++";
				CLANG_ENABLE_MODULES = YES;
				CLANG_ENABLE_OBJC_ARC = YES;
				CLANG_WARN_BOOL_CONVERSION = YES;
				CLANG_WARN_CONSTANT_CONVERSION = YES;
				CLANG_WARN_DIRECT_OBJC_ISA_USAGE = YES_ERROR;
				CLANG_WARN_EMPTY_BODY = YES;
				CLANG_WARN_ENUM_CONVERSION = YES;
				CLANG_WARN_INT_CONVERSION = YES;
				CLANG_WARN_OBJC_ROOT_CLASS = YES_ERROR;
				CLANG_WARN_UNREACHABLE_CODE = YES;
				CLANG_WARN__DUPLICATE_METHOD_MATCH = YES;
				CODE_SIGN_IDENTITY = "-";
				COPY_PHASE_STRIP = NO;
				DEBUG_INFORMATION_FORMAT = "dwarf-with-dsym";
				ENABLE_NS_ASSERTIONS = NO;
				ENABLE_STRICT_OBJC_MSGSEND = YES;
				GCC_C_LANGUAGE_STANDARD = gnu99;
				GCC_NO_COMMON_BLOCKS = YES;
				GCC_WARN_64_TO_32_BIT_CONVERSION = YES;
				GCC_WARN_ABOUT_RETURN_TYPE = YES_ERROR;
				GCC_WARN_UNDECLARED_SELECTOR = YES;
				GCC_WARN_UNINITIALIZED_AUTOS = YES_AGGRESSIVE;
				GCC_WARN_UNUSED_FUNCTION = YES;
				GCC_WARN_UNUSED_VARIABLE = YES;
				MACOSX_DEPLOYMENT_TARGET = 10.11;
				MTL_ENABLE_DEBUG_INFO = NO;
				SDKROOT = macosx;
			};
			name = Release;
		};
		4D8955061D189C6600A1C7DE /* Debug */ = {
			isa = XCBuildConfiguration;
			buildSettings = {
				PRODUCT_NAME = "$(TARGET_NAME)";
			};
			name = Debug;
		};
		4D8955071D189C6600A1C7DE /* Release */ = {
			isa = XCBuildConfiguration;
			buildSettings = {
				PRODUCT_NAME = "$(TARGET_NAME)";
			};
			name = Release;
		};
/* End XCBuildConfiguration section */

/* Begin XCConfigurationList section */
		4D8954F91D189C6600A1C7DE /* Build configuration list for PBXProject "shttp" */ = {
			isa = XCConfigurationList;
			buildConfigurations = (
				4D8955031D189C6600A1C7DE /* Debug */,
				4D8955041D189C6600A1C7DE /* Release */,
			);
			defaultConfigurationIsVisible = 0;
			defaultConfigurationName = Release;
		};
		4D8955051D189C6600A1C7DE /* Build configuration list for PBXNativeTarget "shttp" */ = {
			isa = XCConfigurationList;
			buildConfigurations = (
				4D8955061D189C6600A1C7DE /* Debug */,
				4D8955071D189C6600A1C7DE /* Release */,
			);
			defaultConfigurationIsVisible = 0;
		};
/* End XCConfigurationList section */
	};
	rootObject = 4D8954F61D189C6600A1C7DE /* Project object */;
}
